
Microsoft Visual Studio Solution File, Format Version 12.00
# Visual Studio Version 16
VisualStudioVersion = 16.0.31911.196
MinimumVisualStudioVersion = 10.0.40219.1
Project("{FAE04EC0-301F-11D3-BF4B-00C04F79EFBC}") = "CS4227", "CS4227\CS4227.csproj", "{4ED27963-0547-4C1C-9C50-8A40EE0595D9}"
EndProject
Global
	GlobalSection(SolutionConfigurationPlatforms) = preSolution
		Debug|Any CPU = Debug|Any CPU
		Release|Any CPU = Release|Any CPU
	EndGlobalSection
	GlobalSection(ProjectConfigurationPlatforms) = postSolution
		{4ED27963-0547-4C1C-9C50-8A40EE0595D9}.Debug|Any CPU.ActiveCfg = Debug|Any CPU
		{4ED27963-0547-4C1C-9C50-8A40EE0595D9}.Debug|Any CPU.Build.0 = Debug|Any CPU
		{4ED27963-0547-4C1C-9C50-8A40EE0595D9}.Release|Any CPU.ActiveCfg = Release|Any CPU
		{4ED27963-0547-4C1C-9C50-8A40EE0595D9}.Release|Any CPU.Build.0 = Release|Any CPU
	EndGlobalSection
	GlobalSection(SolutionProperties) = preSolution
		HideSolutionNode = FALSE
	EndGlobalSection
	GlobalSection(ExtensibilityGlobals) = postSolution
		SolutionGuid = {33637D7D-9C4E-4EFF-B36C-32C3E4423789}
	EndGlobalSection
EndGlobal
